
Microsoft Visual Studio Solution File, Format Version 12.00
# Visual Studio Version 17
VisualStudioVersion = 17.9.34728.123
MinimumVisualStudioVersion = 10.0.40219.1
Project("{FAE04EC0-301F-11D3-BF4B-00C04F79EFBC}") = "Week 2 Challenge Lab 1", "Week 2 Challenge Lab 1.csproj", "{72751591-EF08-4CBB-98B4-45266ADB5F6B}"
EndProject
Global
	GlobalSection(SolutionConfigurationPlatforms) = preSolution
		Debug|Any CPU = Debug|Any CPU
		Release|Any CPU = Release|Any CPU
	EndGlobalSection
	GlobalSection(ProjectConfigurationPlatforms) = postSolution
		{72751591-EF08-4CBB-98B4-45266ADB5F6B}.Debug|Any CPU.ActiveCfg = Debug|Any CPU
		{72751591-EF08-4CBB-98B4-45266ADB5F6B}.Debug|Any CPU.Build.0 = Debug|Any CPU
		{72751591-EF08-4CBB-98B4-45266ADB5F6B}.Release|Any CPU.ActiveCfg = Release|Any CPU
		{72751591-EF08-4CBB-98B4-45266ADB5F6B}.Release|Any CPU.Build.0 = Release|Any CPU
	EndGlobalSection
	GlobalSection(SolutionProperties) = preSolution
		HideSolutionNode = FALSE
	EndGlobalSection
	GlobalSection(ExtensibilityGlobals) = postSolution
		SolutionGuid = {E764C8C7-62B0-494C-977D-95C00ED37B7D}
	EndGlobalSection
EndGlobal
